
Microsoft Visual Studio Solution File, Format Version 12.00
# Visual Studio 15
VisualStudioVersion = 15.0.28307.271
MinimumVisualStudioVersion = 10.0.40219.1
Project("{FAE04EC0-301F-11D3-BF4B-00C04F79EFBC}") = "MassTransitPlayground", "MassTransitPlayground\MassTransitPlayground.csproj", "{5BDEBC7A-FCAA-4E82-8E52-057558310352}"
EndProject
Global
	GlobalSection(SolutionConfigurationPlatforms) = preSolution
		Debug|Any CPU = Debug|Any CPU
		Release|Any CPU = Release|Any CPU
	EndGlobalSection
	GlobalSection(ProjectConfigurationPlatforms) = postSolution
		{5BDEBC7A-FCAA-4E82-8E52-057558310352}.Debug|Any CPU.ActiveCfg = Debug|Any CPU
		{5BDEBC7A-FCAA-4E82-8E52-057558310352}.Debug|Any CPU.Build.0 = Debug|Any CPU
		{5BDEBC7A-FCAA-4E82-8E52-057558310352}.Release|Any CPU.ActiveCfg = Release|Any CPU
		{5BDEBC7A-FCAA-4E82-8E52-057558310352}.Release|Any CPU.Build.0 = Release|Any CPU
	EndGlobalSection
	GlobalSection(SolutionProperties) = preSolution
		HideSolutionNode = FALSE
	EndGlobalSection
	GlobalSection(ExtensibilityGlobals) = postSolution
		SolutionGuid = {6CDA24B5-EE1D-421B-96D8-884283BDA664}
	EndGlobalSection
EndGlobal
